
Microsoft Visual Studio Solution File, Format Version 12.00
# Visual Studio Version 17
VisualStudioVersion = 17.6.33723.286
MinimumVisualStudioVersion = 10.0.40219.1
Project("{54A90642-561A-4BB1-A94E-469ADEE60C69}") = "signalr_client", "signalR_Client\signalr_client.esproj", "{15BDE067-D5D4-4298-B664-53D4ADB52E97}"
EndProject
Project("{9A19103F-16F7-4668-BE54-9A1E7A4F7556}") = "signalR_server", "signalR_server\signalR_server.csproj", "{52A6003D-BECF-494C-85D6-6ABBC9E7481E}"
EndProject
Global
	GlobalSection(SolutionConfigurationPlatforms) = preSolution
		Debug|Any CPU = Debug|Any CPU
		Release|Any CPU = Release|Any CPU
	EndGlobalSection
	GlobalSection(ProjectConfigurationPlatforms) = postSolution
		{15BDE067-D5D4-4298-B664-53D4ADB52E97}.Debug|Any CPU.ActiveCfg = Debug|Any CPU
		{15BDE067-D5D4-4298-B664-53D4ADB52E97}.Debug|Any CPU.Build.0 = Debug|Any CPU
		{15BDE067-D5D4-4298-B664-53D4ADB52E97}.Debug|Any CPU.Deploy.0 = Debug|Any CPU
		{15BDE067-D5D4-4298-B664-53D4ADB52E97}.Release|Any CPU.ActiveCfg = Release|Any CPU
		{15BDE067-D5D4-4298-B664-53D4ADB52E97}.Release|Any CPU.Build.0 = Release|Any CPU
		{15BDE067-D5D4-4298-B664-53D4ADB52E97}.Release|Any CPU.Deploy.0 = Release|Any CPU
		{52A6003D-BECF-494C-85D6-6ABBC9E7481E}.Debug|Any CPU.ActiveCfg = Debug|Any CPU
		{52A6003D-BECF-494C-85D6-6ABBC9E7481E}.Debug|Any CPU.Build.0 = Debug|Any CPU
		{52A6003D-BECF-494C-85D6-6ABBC9E7481E}.Release|Any CPU.ActiveCfg = Release|Any CPU
		{52A6003D-BECF-494C-85D6-6ABBC9E7481E}.Release|Any CPU.Build.0 = Release|Any CPU
	EndGlobalSection
	GlobalSection(SolutionProperties) = preSolution
		HideSolutionNode = FALSE
	EndGlobalSection
	GlobalSection(ExtensibilityGlobals) = postSolution
		SolutionGuid = {E8052B16-8385-4D30-8616-3957D56F95F6}
	EndGlobalSection
EndGlobal
